
Microsoft Visual Studio Solution File, Format Version 12.00
# Visual Studio Version 17
VisualStudioVersion = 17.11.35327.3
MinimumVisualStudioVersion = 10.0.40219.1
Project("{FAE04EC0-301F-11D3-BF4B-00C04F79EFBC}") = "Server", "Server\Server.csproj", "{13D68EDA-9651-4532-AE28-B0D9AD05C474}"
EndProject
Project("{FAE04EC0-301F-11D3-BF4B-00C04F79EFBC}") = "Client", "Client\Client.csproj", "{E408240B-36C4-47A1-A125-B01090156CBE}"
EndProject
Global
	GlobalSection(SolutionConfigurationPlatforms) = preSolution
		Debug|Any CPU = Debug|Any CPU
		Release|Any CPU = Release|Any CPU
	EndGlobalSection
	GlobalSection(ProjectConfigurationPlatforms) = postSolution
		{13D68EDA-9651-4532-AE28-B0D9AD05C474}.Debug|Any CPU.ActiveCfg = Debug|Any CPU
		{13D68EDA-9651-4532-AE28-B0D9AD05C474}.Debug|Any CPU.Build.0 = Debug|Any CPU
		{13D68EDA-9651-4532-AE28-B0D9AD05C474}.Release|Any CPU.ActiveCfg = Release|Any CPU
		{13D68EDA-9651-4532-AE28-B0D9AD05C474}.Release|Any CPU.Build.0 = Release|Any CPU
		{E408240B-36C4-47A1-A125-B01090156CBE}.Debug|Any CPU.ActiveCfg = Debug|Any CPU
		{E408240B-36C4-47A1-A125-B01090156CBE}.Debug|Any CPU.Build.0 = Debug|Any CPU
		{E408240B-36C4-47A1-A125-B01090156CBE}.Release|Any CPU.ActiveCfg = Release|Any CPU
		{E408240B-36C4-47A1-A125-B01090156CBE}.Release|Any CPU.Build.0 = Release|Any CPU
	EndGlobalSection
	GlobalSection(SolutionProperties) = preSolution
		HideSolutionNode = FALSE
	EndGlobalSection
	GlobalSection(ExtensibilityGlobals) = postSolution
		SolutionGuid = {E5DCE81B-3FF5-4499-B91F-EDDBCBBFB515}
	EndGlobalSection
EndGlobal
